{
  "name": "tmp",
  "lockfileVersion": 2,
  "requires": true,
  "packages": {
    "": {
      "dependencies": {
        "bitsharesjs-ws": "^6.0.0"
      }
    },
    "node_modules/bitsharesjs-ws": {
      "version": "6.0.0",
      "resolved": "https://registry.npmjs.org/bitsharesjs-ws/-/bitsharesjs-ws-6.0.0.tgz",
      "integrity": "sha512-hIsFcGggV6jkgCKrVE7Pmm8AgJMbBc2pthOx1/9he436gfehtbMvjn7J5G3rWhPu0VONROI//LAX/qhhhIieaA==",
      "dependencies": {
        "isomorphic-ws": "^4.0.1",
        "ws": "^8.4.0"
      },
      "engines": {
        "node": ">=16.13.x",
        "npm": ">=8.2.x",
        "yarn": ">=1.22.x"
      }
    },
    "node_modules/isomorphic-ws": {
      "version": "4.0.1",
      "resolved": "https://registry.npmjs.org/isomorphic-ws/-/isomorphic-ws-4.0.1.tgz",
      "integrity": "sha512-BhBvN2MBpWTaSHdWRb/bwdZJ1WaehQ2L1KngkCkfLUGF0mAWAT1sQUQacEmQ0jXkFw/czDXPNQSL5u2/Krsz1w==",
      "peerDependencies": {
        "ws": "*"
      }
    },
    "node_modules/ws": {
      "version": "8.5.0",
      "resolved": "https://registry.npmjs.org/ws/-/ws-8.5.0.tgz",
      "integrity": "sha512-BWX0SWVgLPzYwF8lTzEy1egjhS4S4OEAHfsO8o65WOVsrnSRGaSiUaa9e0ggGlkMTtBlmOpEXiie9RUcBO86qg==",
      "engines": {
        "node": ">=10.0.0"
      },
      "peerDependencies": {
        "bufferutil": "^4.0.1",
        "utf-8-validate": "^5.0.2"
      },
      "peerDependenciesMeta": {
        "bufferutil": {
          "optional": true
        },
        "utf-8-validate": {
          "optional": true
        }
      }
    }
  },
  "dependencies": {
    "bitsharesjs-ws": {
      "version": "6.0.0",
      "resolved": "https://registry.npmjs.org/bitsharesjs-ws/-/bitsharesjs-ws-6.0.0.tgz",
      "integrity": "sha512-hIsFcGggV6jkgCKrVE7Pmm8AgJMbBc2pthOx1/9he436gfehtbMvjn7J5G3rWhPu0VONROI//LAX/qhhhIieaA==",
      "requires": {
        "isomorphic-ws": "^4.0.1",
        "ws": "^8.4.0"
      }
    },
    "isomorphic-ws": {
      "version": "4.0.1",
      "resolved": "https://registry.npmjs.org/isomorphic-ws/-/isomorphic-ws-4.0.1.tgz",
      "integrity": "sha512-BhBvN2MBpWTaSHdWRb/bwdZJ1WaehQ2L1KngkCkfLUGF0mAWAT1sQUQacEmQ0jXkFw/czDXPNQSL5u2/Krsz1w==",
      "requires": {}
    },
    "ws": {
      "version": "8.5.0",
      "resolved": "https://registry.npmjs.org/ws/-/ws-8.5.0.tgz",
      "integrity": "sha512-BWX0SWVgLPzYwF8lTzEy1egjhS4S4OEAHfsO8o65WOVsrnSRGaSiUaa9e0ggGlkMTtBlmOpEXiie9RUcBO86qg==",
      "requires": {}
    }
  }
}
